
Microsoft Visual Studio Solution File, Format Version 12.00
# Visual Studio Version 17
VisualStudioVersion = 17.11.35208.52
MinimumVisualStudioVersion = 10.0.40219.1
Project("{9A19103F-16F7-4668-BE54-9A1E7A4F7556}") = "WebApplication2", "WebApplication2\WebApplication2.csproj", "{32006A77-9CDF-4CFF-932D-7ADC6845B82A}"
EndProject
Global
	GlobalSection(SolutionConfigurationPlatforms) = preSolution
		Debug|Any CPU = Debug|Any CPU
		Release|Any CPU = Release|Any CPU
	EndGlobalSection
	GlobalSection(ProjectConfigurationPlatforms) = postSolution
		{32006A77-9CDF-4CFF-932D-7ADC6845B82A}.Debug|Any CPU.ActiveCfg = Debug|Any CPU
		{32006A77-9CDF-4CFF-932D-7ADC6845B82A}.Debug|Any CPU.Build.0 = Debug|Any CPU
		{32006A77-9CDF-4CFF-932D-7ADC6845B82A}.Release|Any CPU.ActiveCfg = Release|Any CPU
		{32006A77-9CDF-4CFF-932D-7ADC6845B82A}.Release|Any CPU.Build.0 = Release|Any CPU
	EndGlobalSection
	GlobalSection(SolutionProperties) = preSolution
		HideSolutionNode = FALSE
	EndGlobalSection
	GlobalSection(ExtensibilityGlobals) = postSolution
		SolutionGuid = {5CE10696-1506-4A85-9D1C-32F98F087A36}
	EndGlobalSection
EndGlobal
